
Microsoft Visual Studio Solution File, Format Version 12.00
# Visual Studio 15
VisualStudioVersion = 15.0.26228.4
MinimumVisualStudioVersion = 10.0.40219.1
Project("{FAE04EC0-301F-11D3-BF4B-00C04F79EFBC}") = "Entity", "Entity\Entity.csproj", "{F6C65E42-1774-4371-B14A-DE1D85DA9E81}"
EndProject
Project("{FAE04EC0-301F-11D3-BF4B-00C04F79EFBC}") = "Web", "Web\Web.csproj", "{782BEE4F-AB6E-4537-A53C-90008BCD1070}"
EndProject
Project("{FAE04EC0-301F-11D3-BF4B-00C04F79EFBC}") = "Service", "Service\Service.csproj", "{0C86DC4B-F60B-466B-8136-CAE66E9206CA}"
EndProject
Project("{FAE04EC0-301F-11D3-BF4B-00C04F79EFBC}") = "Repository", "Repository\Repository.csproj", "{0A9F88AB-479D-4BC4-A869-F21EB9DC149B}"
EndProject
Global
	GlobalSection(SolutionConfigurationPlatforms) = preSolution
		Debug|Any CPU = Debug|Any CPU
		Release|Any CPU = Release|Any CPU
	EndGlobalSection
	GlobalSection(ProjectConfigurationPlatforms) = postSolution
		{F6C65E42-1774-4371-B14A-DE1D85DA9E81}.Debug|Any CPU.ActiveCfg = Debug|Any CPU
		{F6C65E42-1774-4371-B14A-DE1D85DA9E81}.Debug|Any CPU.Build.0 = Debug|Any CPU
		{F6C65E42-1774-4371-B14A-DE1D85DA9E81}.Release|Any CPU.ActiveCfg = Release|Any CPU
		{F6C65E42-1774-4371-B14A-DE1D85DA9E81}.Release|Any CPU.Build.0 = Release|Any CPU
		{782BEE4F-AB6E-4537-A53C-90008BCD1070}.Debug|Any CPU.ActiveCfg = Debug|Any CPU
		{782BEE4F-AB6E-4537-A53C-90008BCD1070}.Debug|Any CPU.Build.0 = Debug|Any CPU
		{782BEE4F-AB6E-4537-A53C-90008BCD1070}.Release|Any CPU.ActiveCfg = Release|Any CPU
		{782BEE4F-AB6E-4537-A53C-90008BCD1070}.Release|Any CPU.Build.0 = Release|Any CPU
		{0C86DC4B-F60B-466B-8136-CAE66E9206CA}.Debug|Any CPU.ActiveCfg = Debug|Any CPU
		{0C86DC4B-F60B-466B-8136-CAE66E9206CA}.Debug|Any CPU.Build.0 = Debug|Any CPU
		{0C86DC4B-F60B-466B-8136-CAE66E9206CA}.Release|Any CPU.ActiveCfg = Release|Any CPU
		{0C86DC4B-F60B-466B-8136-CAE66E9206CA}.Release|Any CPU.Build.0 = Release|Any CPU
		{0A9F88AB-479D-4BC4-A869-F21EB9DC149B}.Debug|Any CPU.ActiveCfg = Debug|Any CPU
		{0A9F88AB-479D-4BC4-A869-F21EB9DC149B}.Debug|Any CPU.Build.0 = Debug|Any CPU
		{0A9F88AB-479D-4BC4-A869-F21EB9DC149B}.Release|Any CPU.ActiveCfg = Release|Any CPU
		{0A9F88AB-479D-4BC4-A869-F21EB9DC149B}.Release|Any CPU.Build.0 = Release|Any CPU
	EndGlobalSection
	GlobalSection(SolutionProperties) = preSolution
		HideSolutionNode = FALSE
	EndGlobalSection
EndGlobal
